
Microsoft Visual Studio Solution File, Format Version 12.00
# Visual Studio Version 17
VisualStudioVersion = 17.6.33829.357
MinimumVisualStudioVersion = 10.0.40219.1
Project("{9A19103F-16F7-4668-BE54-9A1E7A4F7556}") = "CurrentAccount.Api", "src\CurrentAccount.Api\CurrentAccount.Api.csproj", "{D835DDFB-9F72-4557-B6AF-DC1D760727A1}"
EndProject
Project("{9A19103F-16F7-4668-BE54-9A1E7A4F7556}") = "CurrentAccount.Data", "src\CurrentAccount.Data\CurrentAccount.Data.csproj", "{A07A2E1A-6707-4599-B8F9-0B2C270DD22A}"
EndProject
Project("{9A19103F-16F7-4668-BE54-9A1E7A4F7556}") = "CurrentAccount.Dto", "src\CurrentAccount.Dto\CurrentAccount.Dto.csproj", "{A8612B0F-52C0-4B1F-8605-10DDF38BC2B8}"
EndProject
Project("{9A19103F-16F7-4668-BE54-9A1E7A4F7556}") = "CurrentAccount.Domain", "src\CurrentAccount.Domain\CurrentAccount.Domain.csproj", "{FCE4EE4E-BB92-4772-ADBF-F4A21AE2E8A3}"
EndProject
Project("{9A19103F-16F7-4668-BE54-9A1E7A4F7556}") = "CurrentAccount.Domain.xTest", "test\CurrentAccount.Domain.xTest\CurrentAccount.Domain.xTest.csproj", "{A799B9B6-AB82-46CF-A1CE-3DD664BB06B7}"
EndProject
Global
	GlobalSection(SolutionConfigurationPlatforms) = preSolution
		Debug|Any CPU = Debug|Any CPU
		Release|Any CPU = Release|Any CPU
	EndGlobalSection
	GlobalSection(ProjectConfigurationPlatforms) = postSolution
		{D835DDFB-9F72-4557-B6AF-DC1D760727A1}.Debug|Any CPU.ActiveCfg = Debug|Any CPU
		{D835DDFB-9F72-4557-B6AF-DC1D760727A1}.Debug|Any CPU.Build.0 = Debug|Any CPU
		{D835DDFB-9F72-4557-B6AF-DC1D760727A1}.Release|Any CPU.ActiveCfg = Release|Any CPU
		{D835DDFB-9F72-4557-B6AF-DC1D760727A1}.Release|Any CPU.Build.0 = Release|Any CPU
		{A07A2E1A-6707-4599-B8F9-0B2C270DD22A}.Debug|Any CPU.ActiveCfg = Debug|Any CPU
		{A07A2E1A-6707-4599-B8F9-0B2C270DD22A}.Debug|Any CPU.Build.0 = Debug|Any CPU
		{A07A2E1A-6707-4599-B8F9-0B2C270DD22A}.Release|Any CPU.ActiveCfg = Release|Any CPU
		{A07A2E1A-6707-4599-B8F9-0B2C270DD22A}.Release|Any CPU.Build.0 = Release|Any CPU
		{A8612B0F-52C0-4B1F-8605-10DDF38BC2B8}.Debug|Any CPU.ActiveCfg = Debug|Any CPU
		{A8612B0F-52C0-4B1F-8605-10DDF38BC2B8}.Debug|Any CPU.Build.0 = Debug|Any CPU
		{A8612B0F-52C0-4B1F-8605-10DDF38BC2B8}.Release|Any CPU.ActiveCfg = Release|Any CPU
		{A8612B0F-52C0-4B1F-8605-10DDF38BC2B8}.Release|Any CPU.Build.0 = Release|Any CPU
		{FCE4EE4E-BB92-4772-ADBF-F4A21AE2E8A3}.Debug|Any CPU.ActiveCfg = Debug|Any CPU
		{FCE4EE4E-BB92-4772-ADBF-F4A21AE2E8A3}.Debug|Any CPU.Build.0 = Debug|Any CPU
		{FCE4EE4E-BB92-4772-ADBF-F4A21AE2E8A3}.Release|Any CPU.ActiveCfg = Release|Any CPU
		{FCE4EE4E-BB92-4772-ADBF-F4A21AE2E8A3}.Release|Any CPU.Build.0 = Release|Any CPU
		{A799B9B6-AB82-46CF-A1CE-3DD664BB06B7}.Debug|Any CPU.ActiveCfg = Debug|Any CPU
		{A799B9B6-AB82-46CF-A1CE-3DD664BB06B7}.Debug|Any CPU.Build.0 = Debug|Any CPU
		{A799B9B6-AB82-46CF-A1CE-3DD664BB06B7}.Release|Any CPU.ActiveCfg = Release|Any CPU
		{A799B9B6-AB82-46CF-A1CE-3DD664BB06B7}.Release|Any CPU.Build.0 = Release|Any CPU
	EndGlobalSection
	GlobalSection(SolutionProperties) = preSolution
		HideSolutionNode = FALSE
	EndGlobalSection
	GlobalSection(ExtensibilityGlobals) = postSolution
		SolutionGuid = {78BD375D-42CA-4D35-B627-6FADC7057A6C}
	EndGlobalSection
EndGlobal
